
Microsoft Visual Studio Solution File, Format Version 12.00
# Visual Studio Version 17
VisualStudioVersion = 17.14.36705.20 d17.14
MinimumVisualStudioVersion = 10.0.40219.1
Project("{FAE04EC0-301F-11D3-BF4B-00C04F79EFBC}") = "EmdeddedPdfFiles", "EmdeddedPdfFiles.csproj", "{D004BCDE-017A-4484-A640-5BA66095070E}"
EndProject
Global
	GlobalSection(SolutionConfigurationPlatforms) = preSolution
		Debug|Any CPU = Debug|Any CPU
		Release|Any CPU = Release|Any CPU
	EndGlobalSection
	GlobalSection(ProjectConfigurationPlatforms) = postSolution
		{D004BCDE-017A-4484-A640-5BA66095070E}.Debug|Any CPU.ActiveCfg = Debug|Any CPU
		{D004BCDE-017A-4484-A640-5BA66095070E}.Debug|Any CPU.Build.0 = Debug|Any CPU
		{D004BCDE-017A-4484-A640-5BA66095070E}.Release|Any CPU.ActiveCfg = Release|Any CPU
		{D004BCDE-017A-4484-A640-5BA66095070E}.Release|Any CPU.Build.0 = Release|Any CPU
	EndGlobalSection
	GlobalSection(SolutionProperties) = preSolution
		HideSolutionNode = FALSE
	EndGlobalSection
	GlobalSection(ExtensibilityGlobals) = postSolution
		SolutionGuid = {A2E1C192-7E53-4F6B-86E3-EEFBB626256E}
	EndGlobalSection
EndGlobal
